
Microsoft Visual Studio Solution File, Format Version 12.00
# Visual Studio Version 17
VisualStudioVersion = 17.3.32929.385
MinimumVisualStudioVersion = 10.0.40219.1
Project("{FAE04EC0-301F-11D3-BF4B-00C04F79EFBC}") = "PTO_Server", "PTO_Server\PTO_Server.csproj", "{C7B3FAED-6DF9-445C-A220-647E9849CBBD}"
EndProject
Project("{FAE04EC0-301F-11D3-BF4B-00C04F79EFBC}") = "Core", "Core\Core.csproj", "{3E1C9634-E748-41A3-8C12-135097976354}"
EndProject
Project("{FAE04EC0-301F-11D3-BF4B-00C04F79EFBC}") = "Infrastructure", "Infrastructure\Infrastructure.csproj", "{1A1AB4FC-0839-432C-8D8D-357EA6D2994E}"
EndProject
Global
	GlobalSection(SolutionConfigurationPlatforms) = preSolution
		Debug|Any CPU = Debug|Any CPU
		Release|Any CPU = Release|Any CPU
	EndGlobalSection
	GlobalSection(ProjectConfigurationPlatforms) = postSolution
		{C7B3FAED-6DF9-445C-A220-647E9849CBBD}.Debug|Any CPU.ActiveCfg = Debug|Any CPU
		{C7B3FAED-6DF9-445C-A220-647E9849CBBD}.Debug|Any CPU.Build.0 = Debug|Any CPU
		{C7B3FAED-6DF9-445C-A220-647E9849CBBD}.Release|Any CPU.ActiveCfg = Release|Any CPU
		{C7B3FAED-6DF9-445C-A220-647E9849CBBD}.Release|Any CPU.Build.0 = Release|Any CPU
		{3E1C9634-E748-41A3-8C12-135097976354}.Debug|Any CPU.ActiveCfg = Debug|Any CPU
		{3E1C9634-E748-41A3-8C12-135097976354}.Debug|Any CPU.Build.0 = Debug|Any CPU
		{3E1C9634-E748-41A3-8C12-135097976354}.Release|Any CPU.ActiveCfg = Release|Any CPU
		{3E1C9634-E748-41A3-8C12-135097976354}.Release|Any CPU.Build.0 = Release|Any CPU
		{1A1AB4FC-0839-432C-8D8D-357EA6D2994E}.Debug|Any CPU.ActiveCfg = Debug|Any CPU
		{1A1AB4FC-0839-432C-8D8D-357EA6D2994E}.Debug|Any CPU.Build.0 = Debug|Any CPU
		{1A1AB4FC-0839-432C-8D8D-357EA6D2994E}.Release|Any CPU.ActiveCfg = Release|Any CPU
		{1A1AB4FC-0839-432C-8D8D-357EA6D2994E}.Release|Any CPU.Build.0 = Release|Any CPU
	EndGlobalSection
	GlobalSection(SolutionProperties) = preSolution
		HideSolutionNode = FALSE
	EndGlobalSection
	GlobalSection(ExtensibilityGlobals) = postSolution
		SolutionGuid = {32D87CEC-E725-4ECB-8D67-05F96C5D636A}
	EndGlobalSection
EndGlobal
